
Microsoft Visual Studio Solution File, Format Version 12.00
# Visual Studio Version 16
VisualStudioVersion = 16.0.31005.135
MinimumVisualStudioVersion = 10.0.40219.1
Project("{FAE04EC0-301F-11D3-BF4B-00C04F79EFBC}") = "Apresentacao", "View\Apresentacao.csproj", "{03F6ED7F-4ED0-4F6D-8B34-077235F63FA7}"
EndProject
Project("{FAE04EC0-301F-11D3-BF4B-00C04F79EFBC}") = "Controle", "Control\Controle.csproj", "{BD488EB2-6337-491C-B159-73DE00052904}"
EndProject
Project("{FAE04EC0-301F-11D3-BF4B-00C04F79EFBC}") = "Modelo", "Model\Modelo.csproj", "{5B28973A-04EF-4058-BB34-4888D38444A9}"
EndProject
Global
	GlobalSection(SolutionConfigurationPlatforms) = preSolution
		Debug|Any CPU = Debug|Any CPU
		Release|Any CPU = Release|Any CPU
	EndGlobalSection
	GlobalSection(ProjectConfigurationPlatforms) = postSolution
		{03F6ED7F-4ED0-4F6D-8B34-077235F63FA7}.Debug|Any CPU.ActiveCfg = Debug|Any CPU
		{03F6ED7F-4ED0-4F6D-8B34-077235F63FA7}.Debug|Any CPU.Build.0 = Debug|Any CPU
		{03F6ED7F-4ED0-4F6D-8B34-077235F63FA7}.Release|Any CPU.ActiveCfg = Release|Any CPU
		{03F6ED7F-4ED0-4F6D-8B34-077235F63FA7}.Release|Any CPU.Build.0 = Release|Any CPU
		{BD488EB2-6337-491C-B159-73DE00052904}.Debug|Any CPU.ActiveCfg = Debug|Any CPU
		{BD488EB2-6337-491C-B159-73DE00052904}.Debug|Any CPU.Build.0 = Debug|Any CPU
		{BD488EB2-6337-491C-B159-73DE00052904}.Release|Any CPU.ActiveCfg = Release|Any CPU
		{BD488EB2-6337-491C-B159-73DE00052904}.Release|Any CPU.Build.0 = Release|Any CPU
		{5B28973A-04EF-4058-BB34-4888D38444A9}.Debug|Any CPU.ActiveCfg = Debug|Any CPU
		{5B28973A-04EF-4058-BB34-4888D38444A9}.Debug|Any CPU.Build.0 = Debug|Any CPU
		{5B28973A-04EF-4058-BB34-4888D38444A9}.Release|Any CPU.ActiveCfg = Release|Any CPU
		{5B28973A-04EF-4058-BB34-4888D38444A9}.Release|Any CPU.Build.0 = Release|Any CPU
	EndGlobalSection
	GlobalSection(SolutionProperties) = preSolution
		HideSolutionNode = FALSE
	EndGlobalSection
	GlobalSection(ExtensibilityGlobals) = postSolution
		SolutionGuid = {8A5FE764-2095-45BC-8181-2C9379A87A45}
	EndGlobalSection
EndGlobal
